// !$*UTF8*$!
{
	archiveVersion = 1;
	classes = {
	};
	objectVersion = 77;
	objects = {

/* Begin PBXContainerItemProxy section */
		F43E82332D78545C00D77441 /* PBXContainerItemProxy */ = {
			isa = PBXContainerItemProxy;
			containerPortal = F43E82142D78545400D77441 /* Project object */;
			proxyType = 1;
			remoteGlobalIDString = F43E821B2D78545500D77441;
			remoteInfo = 5monthTimeCapsule;
		};
		F43E823D2D78545C00D77441 /* PBXContainerItemProxy */ = {
			isa = PBXContainerItemProxy;
			containerPortal = F43E82142D78545400D77441 /* Project object */;
			proxyType = 1;
			remoteGlobalIDString = F43E821B2D78545500D77441;
			remoteInfo = 5monthTimeCapsule;
		};
/* End PBXContainerItemProxy section */

/* Begin PBXFileReference section */
		F43E821C2D78545500D77441 /* 5monthTimeCapsule.app */ = {isa = PBXFileReference; explicitFileType = wrapper.application; includeInIndex = 0; path = 5monthTimeCapsule.app; sourceTree = BUILT_PRODUCTS_DIR; };
		F43E82322D78545C00D77441 /* 5monthTimeCapsuleTests.xctest */ = {isa = PBXFileReference; explicitFileType = wrapper.cfbundle; includeInIndex = 0; path = 5monthTimeCapsuleTests.xctest; sourceTree = BUILT_PRODUCTS_DIR; };
		F43E823C2D78545C00D77441 /* 5monthTimeCapsuleUITests.xctest */ = {isa = PBXFileReference; explicitFileType = wrapper.cfbundle; includeInIndex = 0; path = 5monthTimeCapsuleUITests.xctest; sourceTree = BUILT_PRODUCTS_DIR; };
/* End PBXFileReference section */

/* Begin PBXFileSystemSynchronizedBuildFileExceptionSet section */
		F43E82442D78545C00D77441 /* Exceptions for "5monthTimeCapsule" folder in "5monthTimeCapsule" target */ = {
			isa = PBXFileSystemSynchronizedBuildFileExceptionSet;
			membershipExceptions = (
				Info.plist,
			);
			target = F43E821B2D78545500D77441 /* 5monthTimeCapsule */;
		};
/* End PBXFileSystemSynchronizedBuildFileExceptionSet section */

/* Begin PBXFileSystemSynchronizedRootGroup section */
		F43E821E2D78545500D77441 /* 5monthTimeCapsule */ = {
			isa = PBXFileSystemSynchronizedRootGroup;
			exceptions = (
				F43E82442D78545C00D77441 /* Exceptions for "5monthTimeCapsule" folder in "5monthTimeCapsule" target */,
			);
			path = 5monthTimeCapsule;
			sourceTree = "<group>";
		};
		F43E82352D78545C00D77441 /* 5monthTimeCapsuleTests */ = {
			isa = PBXFileSystemSynchronizedRootGroup;
			path = 5monthTimeCapsuleTests;
			sourceTree = "<group>";
		};
		F43E823F2D78545C00D77441 /* 5monthTimeCapsuleUITests */ = {
			isa = PBXFileSystemSynchronizedRootGroup;
			path = 5monthTimeCapsuleUITests;
			sourceTree = "<group>";
		};
/* End PBXFileSystemSynchronizedRootGroup section */

/* Begin PBXFrameworksBuildPhase section */
		F43E82192D78545500D77441 /* Frameworks */ = {
			isa = PBXFrameworksBuildPhase;
			buildActionMask = 2147483647;
			files = (
			);
			runOnlyForDeploymentPostprocessing = 0;
		};
		F43E822F2D78545C00D77441 /* Frameworks */ = {
			isa = PBXFrameworksBuildPhase;
			buildActionMask = 2147483647;
			files = (
			);
			runOnlyForDeploymentPostprocessing = 0;
		};
		F43E82392D78545C00D77441 /* Frameworks */ = {
			isa = PBXFrameworksBuildPhase;
			buildActionMask = 2147483647;
			files = (
			);
			runOnlyForDeploymentPostprocessing = 0;
		};
/* End PBXFrameworksBuildPhase section */

/* Begin PBXGroup section */
		F43E82132D78545400D77441 = {
			isa = PBXGroup;
			children = (
				F43E821E2D78545500D77441 /* 5monthTimeCapsule */,
				F43E82352D78545C00D77441 /* 5monthTimeCapsuleTests */,
				F43E823F2D78545C00D77441 /* 5monthTimeCapsuleUITests */,
				F43E821D2D78545500D77441 /* Products */,
			);
			sourceTree = "<group>";
		};
		F43E821D2D78545500D77441 /* Products */ = {
			isa = PBXGroup;
			children = (
				F43E821C2D78545500D77441 /* 5monthTimeCapsule.app */,
				F43E82322D78545C00D77441 /* 5monthTimeCapsuleTests.xctest */,
				F43E823C2D78545C00D77441 /* 5monthTimeCapsuleUITests.xctest */,
			);
			name = Products;
			sourceTree = "<group>";
		};
/* End PBXGroup section */

/* Begin PBXNativeTarget section */
		F43E821B2D78545500D77441 /* 5monthTimeCapsule */ = {
			isa = PBXNativeTarget;
			buildConfigurationList = F43E82452D78545C00D77441 /* Build configuration list for PBXNativeTarget "5monthTimeCapsule" */;
			buildPhases = (
				F43E82182D78545500D77441 /* Sources */,
				F43E82192D78545500D77441 /* Frameworks */,
				F43E821A2D78545500D77441 /* Resources */,
			);
			buildRules = (
			);
			dependencies = (
			);
			fileSystemSynchronizedGroups = (
				F43E821E2D78545500D77441 /* 5monthTimeCapsule */,
			);
			name = 5monthTimeCapsule;
			packageProductDependencies = (
			);
			productName = 5monthTimeCapsule;
			productReference = F43E821C2D78545500D77441 /* 5monthTimeCapsule.app */;
			productType = "com.apple.product-type.application";
		};
		F43E82312D78545C00D77441 /* 5monthTimeCapsuleTests */ = {
			isa = PBXNativeTarget;
			buildConfigurationList = F43E824A2D78545C00D77441 /* Build configuration list for PBXNativeTarget "5monthTimeCapsuleTests" */;
			buildPhases = (
				F43E822E2D78545C00D77441 /* Sources */,
				F43E822F2D78545C00D77441 /* Frameworks */,
				F43E82302D78545C00D77441 /* Resources */,
			);
			buildRules = (
			);
			dependencies = (
				F43E82342D78545C00D77441 /* PBXTargetDependency */,
			);
			fileSystemSynchronizedGroups = (
				F43E82352D78545C00D77441 /* 5monthTimeCapsuleTests */,
			);
			name = 5monthTimeCapsuleTests;
			packageProductDependencies = (
			);
			productName = 5monthTimeCapsuleTests;
			productReference = F43E82322D78545C00D77441 /* 5monthTimeCapsuleTests.xctest */;
			productType = "com.apple.product-type.bundle.unit-test";
		};
		F43E823B2D78545C00D77441 /* 5monthTimeCapsuleUITests */ = {
			isa = PBXNativeTarget;
			buildConfigurationList = F43E824D2D78545C00D77441 /* Build configuration list for PBXNativeTarget "5monthTimeCapsuleUITests" */;
			buildPhases = (
				F43E82382D78545C00D77441 /* Sources */,
				F43E82392D78545C00D77441 /* Frameworks */,
				F43E823A2D78545C00D77441 /* Resources */,
			);
			buildRules = (
			);
			dependencies = (
				F43E823E2D78545C00D77441 /* PBXTargetDependency */,
			);
			fileSystemSynchronizedGroups = (
				F43E823F2D78545C00D77441 /* 5monthTimeCapsuleUITests */,
			);
			name = 5monthTimeCapsuleUITests;
			packageProductDependencies = (
			);
			productName = 5monthTimeCapsuleUITests;
			productReference = F43E823C2D78545C00D77441 /* 5monthTimeCapsuleUITests.xctest */;
			productType = "com.apple.product-type.bundle.ui-testing";
		};
/* End PBXNativeTarget section */

/* Begin PBXProject section */
		F43E82142D78545400D77441 /* Project object */ = {
			isa = PBXProject;
			attributes = {
				BuildIndependentTargetsInParallel = 1;
				LastSwiftUpdateCheck = 1600;
				LastUpgradeCheck = 1600;
				TargetAttributes = {
					F43E821B2D78545500D77441 = {
						CreatedOnToolsVersion = 16.0;
					};
					F43E82312D78545C00D77441 = {
						CreatedOnToolsVersion = 16.0;
						TestTargetID = F43E821B2D78545500D77441;
					};
					F43E823B2D78545C00D77441 = {
						CreatedOnToolsVersion = 16.0;
						TestTargetID = F43E821B2D78545500D77441;
					};
				};
			};
			buildConfigurationList = F43E82172D78545400D77441 /* Build configuration list for PBXProject "5monthTimeCapsule" */;
			developmentRegion = en;
			hasScannedForEncodings = 0;
			knownRegions = (
				en,
				Base,
			);
			mainGroup = F43E82132D78545400D77441;
			minimizedProjectReferenceProxies = 1;
			preferredProjectObjectVersion = 77;
			productRefGroup = F43E821D2D78545500D77441 /* Products */;
			projectDirPath = "";
			projectRoot = "";
			targets = (
				F43E821B2D78545500D77441 /* 5monthTimeCapsule */,
				F43E82312D78545C00D77441 /* 5monthTimeCapsuleTests */,
				F43E823B2D78545C00D77441 /* 5monthTimeCapsuleUITests */,
			);
		};
/* End PBXProject section */

/* Begin PBXResourcesBuildPhase section */
		F43E821A2D78545500D77441 /* Resources */ = {
			isa = PBXResourcesBuildPhase;
			buildActionMask = 2147483647;
			files = (
			);
			runOnlyForDeploymentPostprocessing = 0;
		};
		F43E82302D78545C00D77441 /* Resources */ = {
			isa = PBXResourcesBuildPhase;
			buildActionMask = 2147483647;
			files = (
			);
			runOnlyForDeploymentPostprocessing = 0;
		};
		F43E823A2D78545C00D77441 /* Resources */ = {
			isa = PBXResourcesBuildPhase;
			buildActionMask = 2147483647;
			files = (
			);
			runOnlyForDeploymentPostprocessing = 0;
		};
/* End PBXResourcesBuildPhase section */

/* Begin PBXSourcesBuildPhase section */
		F43E82182D78545500D77441 /* Sources */ = {
			isa = PBXSourcesBuildPhase;
			buildActionMask = 2147483647;
			files = (
			);
			runOnlyForDeploymentPostprocessing = 0;
		};
		F43E822E2D78545C00D77441 /* Sources */ = {
			isa = PBXSourcesBuildPhase;
			buildActionMask = 2147483647;
			files = (
			);
			runOnlyForDeploymentPostprocessing = 0;
		};
		F43E82382D78545C00D77441 /* Sources */ = {
			isa = PBXSourcesBuildPhase;
			buildActionMask = 2147483647;
			files = (
			);
			runOnlyForDeploymentPostprocessing = 0;
		};
/* End PBXSourcesBuildPhase section */

/* Begin PBXTargetDependency section */
		F43E82342D78545C00D77441 /* PBXTargetDependency */ = {
			isa = PBXTargetDependency;
			target = F43E821B2D78545500D77441 /* 5monthTimeCapsule */;
			targetProxy = F43E82332D78545C00D77441 /* PBXContainerItemProxy */;
		};
		F43E823E2D78545C00D77441 /* PBXTargetDependency */ = {
			isa = PBXTargetDependency;
			target = F43E821B2D78545500D77441 /* 5monthTimeCapsule */;
			targetProxy = F43E823D2D78545C00D77441 /* PBXContainerItemProxy */;
		};
/* End PBXTargetDependency section */

/* Begin XCBuildConfiguration section */
		F43E82462D78545C00D77441 /* Debug */ = {
			isa = XCBuildConfiguration;
			buildSettings = {
				ASSETCATALOG_COMPILER_APPICON_NAME = AppIcon;
				ASSETCATALOG_COMPILER_GLOBAL_ACCENT_COLOR_NAME = AccentColor;
				CODE_SIGN_STYLE = Automatic;
				CURRENT_PROJECT_VERSION = 1;
				DEVELOPMENT_TEAM = 5Z933926NX;
				GENERATE_INFOPLIST_FILE = YES;
				INFOPLIST_FILE = 5monthTimeCapsule/Info.plist;
				INFOPLIST_KEY_UIApplicationSupportsIndirectInputEvents = YES;
				INFOPLIST_KEY_UILaunchStoryboardName = LaunchScreen;
				INFOPLIST_KEY_UIMainStoryboardFile = Main;
				INFOPLIST_KEY_UISupportedInterfaceOrientations_iPad = "UIInterfaceOrientationPortrait UIInterfaceOrientationPortraitUpsideDown UIInterfaceOrientationLandscapeLeft UIInterfaceOrientationLandscapeRight";
				INFOPLIST_KEY_UISupportedInterfaceOrientations_iPhone = "UIInterfaceOrientationPortrait UIInterfaceOrientationLandscapeLeft UIInterfaceOrientationLandscapeRight";
				LD_RUNPATH_SEARCH_PATHS = (
					"$(inherited)",
					"@executable_path/Frameworks",
				);
				MARKETING_VERSION = 1.0;
				PRODUCT_BUNDLE_IDENTIFIER = "com.JuHyung.-monthTimeCapsule";
				PRODUCT_NAME = "$(TARGET_NAME)";
				SWIFT_EMIT_LOC_STRINGS = YES;
				SWIFT_VERSION = 5.0;
				TARGETED_DEVICE_FAMILY = "1,2";
			};
			name = Debug;
		};
		F43E82472D78545C00D77441 /* Release */ = {
			isa = XCBuildConfiguration;
			buildSettings = {
				ASSETCATALOG_COMPILER_APPICON_NAME = AppIcon;
				ASSETCATALOG_COMPILER_GLOBAL_ACCENT_COLOR_NAME = AccentColor;
				CODE_SIGN_STYLE = Automatic;
				CURRENT_PROJECT_VERSION = 1;
				DEVELOPMENT_TEAM = 5Z933926NX;
				GENERATE_INFOPLIST_FILE = YES;
				INFOPLIST_FILE = 5monthTimeCapsule/Info.plist;
				INFOPLIST_KEY_UIApplicationSupportsIndirectInputEvents = YES;
				INFOPLIST_KEY_UILaunchStoryboardName = LaunchScreen;
				INFOPLIST_KEY_UIMainStoryboardFile = Main;
				INFOPLIST_KEY_UISupportedInterfaceOrientations_iPad = "UIInterfaceOrientationPortrait UIInterfaceOrientationPortraitUpsideDown UIInterfaceOrientationLandscapeLeft UIInterfaceOrientationLandscapeRight";
				INFOPLIST_KEY_UISupportedInterfaceOrientations_iPhone = "UIInterfaceOrientationPortrait UIInterfaceOrientationLandscapeLeft UIInterfaceOrientationLandscapeRight";
				LD_RUNPATH_SEARCH_PATHS = (
					"$(inherited)",
					"@executable_path/Frameworks",
				);
				MARKETING_VERSION = 1.0;
				PRODUCT_BUNDLE_IDENTIFIER = "com.JuHyung.-monthTimeCapsule";
				PRODUCT_NAME = "$(TARGET_NAME)";
				SWIFT_EMIT_LOC_STRINGS = YES;
				SWIFT_VERSION = 5.0;
				TARGETED_DEVICE_FAMILY = "1,2";
			};
			name = Release;
		};
		F43E82482D78545C00D77441 /* Debug */ = {
			isa = XCBuildConfiguration;
			buildSettings = {
				ALWAYS_SEARCH_USER_PATHS = NO;
				ASSETCATALOG_COMPILER_GENERATE_SWIFT_ASSET_SYMBOL_EXTENSIONS = YES;
				CLANG_ANALYZER_NONNULL = YES;
				CLANG_ANALYZER_NUMBER_OBJECT_CONVERSION = YES_AGGRESSIVE;
				CLANG_CXX_LANGUAGE_STANDARD = "gnu++20";
				CLANG_ENABLE_MODULES = YES;
				CLANG_ENABLE_OBJC_ARC = YES;
				CLANG_ENABLE_OBJC_WEAK = YES;
				CLANG_WARN_BLOCK_CAPTURE_AUTORELEASING = YES;
				CLANG_WARN_BOOL_CONVERSION = YES;
				CLANG_WARN_COMMA = YES;
				CLANG_WARN_CONSTANT_CONVERSION = YES;
				CLANG_WARN_DEPRECATED_OBJC_IMPLEMENTATIONS = YES;
				CLANG_WARN_DIRECT_OBJC_ISA_USAGE = YES_ERROR;
				CLANG_WARN_DOCUMENTATION_COMMENTS = YES;
				CLANG_WARN_EMPTY_BODY = YES;
				CLANG_WARN_ENUM_CONVERSION = YES;
				CLANG_WARN_INFINITE_RECURSION = YES;
				CLANG_WARN_INT_CONVERSION = YES;
				CLANG_WARN_NON_LITERAL_NULL_CONVERSION = YES;
				CLANG_WARN_OBJC_IMPLICIT_RETAIN_SELF = YES;
				CLANG_WARN_OBJC_LITERAL_CONVERSION = YES;
				CLANG_WARN_OBJC_ROOT_CLASS = YES_ERROR;
				CLANG_WARN_QUOTED_INCLUDE_IN_FRAMEWORK_HEADER = YES;
				CLANG_WARN_RANGE_LOOP_ANALYSIS = YES;
				CLANG_WARN_STRICT_PROTOTYPES = YES;
				CLANG_WARN_SUSPICIOUS_MOVE = YES;
				CLANG_WARN_UNGUARDED_AVAILABILITY = YES_AGGRESSIVE;
				CLANG_WARN_UNREACHABLE_CODE = YES;
				CLANG_WARN__DUPLICATE_METHOD_MATCH = YES;
				COPY_PHASE_STRIP = NO;
				DEBUG_INFORMATION_FORMAT = dwarf;
				ENABLE_STRICT_OBJC_MSGSEND = YES;
				ENABLE_TESTABILITY = YES;
				ENABLE_USER_SCRIPT_SANDBOXING = YES;
				GCC_C_LANGUAGE_STANDARD = gnu17;
				GCC_DYNAMIC_NO_PIC = NO;
				GCC_NO_COMMON_BLOCKS = YES;
				GCC_OPTIMIZATION_LEVEL = 0;
				GCC_PREPROCESSOR_DEFINITIONS = (
					"DEBUG=1",
					"$(inherited)",
				);
				GCC_WARN_64_TO_32_BIT_CONVERSION = YES;
				GCC_WARN_ABOUT_RETURN_TYPE = YES_ERROR;
				GCC_WARN_UNDECLARED_SELECTOR = YES;
				GCC_WARN_UNINITIALIZED_AUTOS = YES_AGGRESSIVE;
				GCC_WARN_UNUSED_FUNCTION = YES;
				GCC_WARN_UNUSED_VARIABLE = YES;
				IPHONEOS_DEPLOYMENT_TARGET = 18.0;
				LOCALIZATION_PREFERS_STRING_CATALOGS = YES;
				MTL_ENABLE_DEBUG_INFO = INCLUDE_SOURCE;
				MTL_FAST_MATH = YES;
				ONLY_ACTIVE_ARCH = YES;
				SDKROOT = iphoneos;
				SWIFT_ACTIVE_COMPILATION_CONDITIONS = "DEBUG $(inherited)";
				SWIFT_OPTIMIZATION_LEVEL = "-Onone";
			};
			name = Debug;
		};
		F43E82492D78545C00D77441 /* Release */ = {
			isa = XCBuildConfiguration;
			buildSettings = {
				ALWAYS_SEARCH_USER_PATHS = NO;
				ASSETCATALOG_COMPILER_GENERATE_SWIFT_ASSET_SYMBOL_EXTENSIONS = YES;
				CLANG_ANALYZER_NONNULL = YES;
				CLANG_ANALYZER_NUMBER_OBJECT_CONVERSION = YES_AGGRESSIVE;
				CLANG_CXX_LANGUAGE_STANDARD = "gnu++20";
				CLANG_ENABLE_MODULES = YES;
				CLANG_ENABLE_OBJC_ARC = YES;
				CLANG_ENABLE_OBJC_WEAK = YES;
				CLANG_WARN_BLOCK_CAPTURE_AUTORELEASING = YES;
				CLANG_WARN_BOOL_CONVERSION = YES;
				CLANG_WARN_COMMA = YES;
				CLANG_WARN_CONSTANT_CONVERSION = YES;
				CLANG_WARN_DEPRECATED_OBJC_IMPLEMENTATIONS = YES;
				CLANG_WARN_DIRECT_OBJC_ISA_USAGE = YES_ERROR;
				CLANG_WARN_DOCUMENTATION_COMMENTS = YES;
				CLANG_WARN_EMPTY_BODY = YES;
				CLANG_WARN_ENUM_CONVERSION = YES;
				CLANG_WARN_INFINITE_RECURSION = YES;
				CLANG_WARN_INT_CONVERSION = YES;
				CLANG_WARN_NON_LITERAL_NULL_CONVERSION = YES;
				CLANG_WARN_OBJC_IMPLICIT_RETAIN_SELF = YES;
				CLANG_WARN_OBJC_LITERAL_CONVERSION = YES;
				CLANG_WARN_OBJC_ROOT_CLASS = YES_ERROR;
				CLANG_WARN_QUOTED_INCLUDE_IN_FRAMEWORK_HEADER = YES;
				CLANG_WARN_RANGE_LOOP_ANALYSIS = YES;
				CLANG_WARN_STRICT_PROTOTYPES = YES;
				CLANG_WARN_SUSPICIOUS_MOVE = YES;
				CLANG_WARN_UNGUARDED_AVAILABILITY = YES_AGGRESSIVE;
				CLANG_WARN_UNREACHABLE_CODE = YES;
				CLANG_WARN__DUPLICATE_METHOD_MATCH = YES;
				COPY_PHASE_STRIP = NO;
				DEBUG_INFORMATION_FORMAT = "dwarf-with-dsym";
				ENABLE_NS_ASSERTIONS = NO;
				ENABLE_STRICT_OBJC_MSGSEND = YES;
				ENABLE_USER_SCRIPT_SANDBOXING = YES;
				GCC_C_LANGUAGE_STANDARD = gnu17;
				GCC_NO_COMMON_BLOCKS = YES;
				GCC_WARN_64_TO_32_BIT_CONVERSION = YES;
				GCC_WARN_ABOUT_RETURN_TYPE = YES_ERROR;
				GCC_WARN_UNDECLARED_SELECTOR = YES;
				GCC_WARN_UNINITIALIZED_AUTOS = YES_AGGRESSIVE;
				GCC_WARN_UNUSED_FUNCTION = YES;
				GCC_WARN_UNUSED_VARIABLE = YES;
				IPHONEOS_DEPLOYMENT_TARGET = 18.0;
				LOCALIZATION_PREFERS_STRING_CATALOGS = YES;
				MTL_ENABLE_DEBUG_INFO = NO;
				MTL_FAST_MATH = YES;
				SDKROOT = iphoneos;
				SWIFT_COMPILATION_MODE = wholemodule;
				VALIDATE_PRODUCT = YES;
			};
			name = Release;
		};
		F43E824B2D78545C00D77441 /* Debug */ = {
			isa = XCBuildConfiguration;
			buildSettings = {
				BUNDLE_LOADER = "$(TEST_HOST)";
				CODE_SIGN_STYLE = Automatic;
				CURRENT_PROJECT_VERSION = 1;
				DEVELOPMENT_TEAM = 5Z933926NX;
				GENERATE_INFOPLIST_FILE = YES;
				IPHONEOS_DEPLOYMENT_TARGET = 18.0;
				MARKETING_VERSION = 1.0;
				PRODUCT_BUNDLE_IDENTIFIER = "com.JuHyung.-monthTimeCapsuleTests";
				PRODUCT_NAME = "$(TARGET_NAME)";
				SWIFT_EMIT_LOC_STRINGS = NO;
				SWIFT_VERSION = 5.0;
				TARGETED_DEVICE_FAMILY = "1,2";
				TEST_HOST = "$(BUILT_PRODUCTS_DIR)/5monthTimeCapsule.app/$(BUNDLE_EXECUTABLE_FOLDER_PATH)/5monthTimeCapsule";
			};
			name = Debug;
		};
		F43E824C2D78545C00D77441 /* Release */ = {
			isa = XCBuildConfiguration;
			buildSettings = {
				BUNDLE_LOADER = "$(TEST_HOST)";
				CODE_SIGN_STYLE = Automatic;
				CURRENT_PROJECT_VERSION = 1;
				DEVELOPMENT_TEAM = 5Z933926NX;
				GENERATE_INFOPLIST_FILE = YES;
				IPHONEOS_DEPLOYMENT_TARGET = 18.0;
				MARKETING_VERSION = 1.0;
				PRODUCT_BUNDLE_IDENTIFIER = "com.JuHyung.-monthTimeCapsuleTests";
				PRODUCT_NAME = "$(TARGET_NAME)";
				SWIFT_EMIT_LOC_STRINGS = NO;
				SWIFT_VERSION = 5.0;
				TARGETED_DEVICE_FAMILY = "1,2";
				TEST_HOST = "$(BUILT_PRODUCTS_DIR)/5monthTimeCapsule.app/$(BUNDLE_EXECUTABLE_FOLDER_PATH)/5monthTimeCapsule";
			};
			name = Release;
		};
		F43E824E2D78545C00D77441 /* Debug */ = {
			isa = XCBuildConfiguration;
			buildSettings = {
				CODE_SIGN_STYLE = Automatic;
				CURRENT_PROJECT_VERSION = 1;
				DEVELOPMENT_TEAM = 5Z933926NX;
				GENERATE_INFOPLIST_FILE = YES;
				MARKETING_VERSION = 1.0;
				PRODUCT_BUNDLE_IDENTIFIER = "com.JuHyung.-monthTimeCapsuleUITests";
				PRODUCT_NAME = "$(TARGET_NAME)";
				SWIFT_EMIT_LOC_STRINGS = NO;
				SWIFT_VERSION = 5.0;
				TARGETED_DEVICE_FAMILY = "1,2";
				TEST_TARGET_NAME = 5monthTimeCapsule;
			};
			name = Debug;
		};
		F43E824F2D78545C00D77441 /* Release */ = {
			isa = XCBuildConfiguration;
			buildSettings = {
				CODE_SIGN_STYLE = Automatic;
				CURRENT_PROJECT_VERSION = 1;
				DEVELOPMENT_TEAM = 5Z933926NX;
				GENERATE_INFOPLIST_FILE = YES;
				MARKETING_VERSION = 1.0;
				PRODUCT_BUNDLE_IDENTIFIER = "com.JuHyung.-monthTimeCapsuleUITests";
				PRODUCT_NAME = "$(TARGET_NAME)";
				SWIFT_EMIT_LOC_STRINGS = NO;
				SWIFT_VERSION = 5.0;
				TARGETED_DEVICE_FAMILY = "1,2";
				TEST_TARGET_NAME = 5monthTimeCapsule;
			};
			name = Release;
		};
/* End XCBuildConfiguration section */

/* Begin XCConfigurationList section */
		F43E82172D78545400D77441 /* Build configuration list for PBXProject "5monthTimeCapsule" */ = {
			isa = XCConfigurationList;
			buildConfigurations = (
				F43E82482D78545C00D77441 /* Debug */,
				F43E82492D78545C00D77441 /* Release */,
			);
			defaultConfigurationIsVisible = 0;
			defaultConfigurationName = Release;
		};
		F43E82452D78545C00D77441 /* Build configuration list for PBXNativeTarget "5monthTimeCapsule" */ = {
			isa = XCConfigurationList;
			buildConfigurations = (
				F43E82462D78545C00D77441 /* Debug */,
				F43E82472D78545C00D77441 /* Release */,
			);
			defaultConfigurationIsVisible = 0;
			defaultConfigurationName = Release;
		};
		F43E824A2D78545C00D77441 /* Build configuration list for PBXNativeTarget "5monthTimeCapsuleTests" */ = {
			isa = XCConfigurationList;
			buildConfigurations = (
				F43E824B2D78545C00D77441 /* Debug */,
				F43E824C2D78545C00D77441 /* Release */,
			);
			defaultConfigurationIsVisible = 0;
			defaultConfigurationName = Release;
		};
		F43E824D2D78545C00D77441 /* Build configuration list for PBXNativeTarget "5monthTimeCapsuleUITests" */ = {
			isa = XCConfigurationList;
			buildConfigurations = (
				F43E824E2D78545C00D77441 /* Debug */,
				F43E824F2D78545C00D77441 /* Release */,
			);
			defaultConfigurationIsVisible = 0;
			defaultConfigurationName = Release;
		};
/* End XCConfigurationList section */
	};
	rootObject = F43E82142D78545400D77441 /* Project object */;
}
